Microsoft Visual Studio Solution File, Format Version 11.00
# Visual Studio 2008

Project("{8C6656ED-DF4C-CA37-3039-2E37EDEA9274}") = "Monster Project", "Assembly-CSharp.csproj", "{D1E9704C-FE72-9BB4-3D20-C650FB68B1F8}"
EndProject
Global
	GlobalSection(SolutionConfigurationPlatforms) = preSolution
		Debug|Any CPU = Debug|Any CPU
		Release|Any CPU = Release|Any CPU
	EndGlobalSection
	GlobalSection(ProjectConfigurationPlatforms) = postSolution
		{D1E9704C-FE72-9BB4-3D20-C650FB68B1F8}.Debug|Any CPU.ActiveCfg = Debug|Any CPU
		{D1E9704C-FE72-9BB4-3D20-C650FB68B1F8}.Debug|Any CPU.Build.0 = Debug|Any CPU
		{D1E9704C-FE72-9BB4-3D20-C650FB68B1F8}.Release|Any CPU.ActiveCfg = Release|Any CPU
		{D1E9704C-FE72-9BB4-3D20-C650FB68B1F8}.Release|Any CPU.Build.0 = Release|Any CPU
	EndGlobalSection
	GlobalSection(SolutionProperties) = preSolution
		HideSolutionNode = FALSE
	EndGlobalSection
	GlobalSection(MonoDevelopProperties) = preSolution
		StartupItem = Assembly-CSharp.csproj
	EndGlobalSection
EndGlobal
